
Microsoft Visual Studio Solution File, Format Version 12.00
# Visual Studio Version 16
VisualStudioVersion = 16.0.31424.327
MinimumVisualStudioVersion = 10.0.40219.1
Project("{FAE04EC0-301F-11D3-BF4B-00C04F79EFBC}") = "HomeBudget", "HomeBudget\HomeBudget.csproj", "{463E4F6F-1966-464B-A3D5-E5773F9AA1FB}"
EndProject
Global
	GlobalSection(SolutionConfigurationPlatforms) = preSolution
		Debug|Any CPU = Debug|Any CPU
		Release|Any CPU = Release|Any CPU
	EndGlobalSection
	GlobalSection(ProjectConfigurationPlatforms) = postSolution
		{463E4F6F-1966-464B-A3D5-E5773F9AA1FB}.Debug|Any CPU.ActiveCfg = Debug|Any CPU
		{463E4F6F-1966-464B-A3D5-E5773F9AA1FB}.Debug|Any CPU.Build.0 = Debug|Any CPU
		{463E4F6F-1966-464B-A3D5-E5773F9AA1FB}.Debug|Any CPU.Deploy.0 = Debug|Any CPU
		{463E4F6F-1966-464B-A3D5-E5773F9AA1FB}.Release|Any CPU.ActiveCfg = Release|Any CPU
		{463E4F6F-1966-464B-A3D5-E5773F9AA1FB}.Release|Any CPU.Build.0 = Release|Any CPU
		{463E4F6F-1966-464B-A3D5-E5773F9AA1FB}.Release|Any CPU.Deploy.0 = Release|Any CPU
	EndGlobalSection
	GlobalSection(SolutionProperties) = preSolution
		HideSolutionNode = FALSE
	EndGlobalSection
	GlobalSection(ExtensibilityGlobals) = postSolution
		SolutionGuid = {BCB3C0CC-2C20-4843-BE67-24CE0FD531D8}
	EndGlobalSection
EndGlobal
